
Microsoft Visual Studio Solution File, Format Version 12.00
# Visual Studio 2013
VisualStudioVersion = 12.0.30110.0
MinimumVisualStudioVersion = 10.0.40219.1
Project("{FAE04EC0-301F-11D3-BF4B-00C04F79EFBC}") = "BuildCs.Sample", "BuildCs.Sample\BuildCs.Sample.csproj", "{525444CA-A88A-4CA8-93E0-F9996484F903}"
EndProject
Project("{FAE04EC0-301F-11D3-BF4B-00C04F79EFBC}") = "BuildCs.Sample.Tests", "BuildCs.Sample.Tests\BuildCs.Sample.Tests.csproj", "{22032783-2EE3-4940-878B-60901396CC74}"
EndProject
Global
	GlobalSection(SolutionConfigurationPlatforms) = preSolution
		Debug|Any CPU = Debug|Any CPU
		Release|Any CPU = Release|Any CPU
	EndGlobalSection
	GlobalSection(ProjectConfigurationPlatforms) = postSolution
		{525444CA-A88A-4CA8-93E0-F9996484F903}.Debug|Any CPU.ActiveCfg = Debug|Any CPU
		{525444CA-A88A-4CA8-93E0-F9996484F903}.Debug|Any CPU.Build.0 = Debug|Any CPU
		{525444CA-A88A-4CA8-93E0-F9996484F903}.Release|Any CPU.ActiveCfg = Release|Any CPU
		{525444CA-A88A-4CA8-93E0-F9996484F903}.Release|Any CPU.Build.0 = Release|Any CPU
		{22032783-2EE3-4940-878B-60901396CC74}.Debug|Any CPU.ActiveCfg = Debug|Any CPU
		{22032783-2EE3-4940-878B-60901396CC74}.Debug|Any CPU.Build.0 = Debug|Any CPU
		{22032783-2EE3-4940-878B-60901396CC74}.Release|Any CPU.ActiveCfg = Release|Any CPU
		{22032783-2EE3-4940-878B-60901396CC74}.Release|Any CPU.Build.0 = Release|Any CPU
	EndGlobalSection
	GlobalSection(SolutionProperties) = preSolution
		HideSolutionNode = FALSE
	EndGlobalSection
EndGlobal
