
Microsoft Visual Studio Solution File, Format Version 12.00
# Visual Studio 2013
VisualStudioVersion = 12.0.30110.0
MinimumVisualStudioVersion = 10.0.40219.1
Project("{FAE04EC0-301F-11D3-BF4B-00C04F79EFBC}") = "BuildCs.Core", "BuildCs.Core\BuildCs.Core.csproj", "{170F4BC3-4C76-4F70-9FCF-D47EED37FDD7}"
EndProject
Project("{FAE04EC0-301F-11D3-BF4B-00C04F79EFBC}") = "BuildCs.Core.Tests", "BuildCs.Core.Tests\BuildCs.Core.Tests.csproj", "{FB5C0DF4-8AC1-4348-A762-ED63A34DC026}"
EndProject
Project("{FAE04EC0-301F-11D3-BF4B-00C04F79EFBC}") = "ScriptCs.BuildCs", "ScriptCs.BuildCs\ScriptCs.BuildCs.csproj", "{359A4E52-9543-4D95-85DA-BC55A366C155}"
EndProject
Project("{FAE04EC0-301F-11D3-BF4B-00C04F79EFBC}") = "BuildCs.Zip", "BuildCs.Zip\BuildCs.Zip.csproj", "{7A922D6C-D3C7-4381-9AD8-0E1EBD223E37}"
EndProject
Global
	GlobalSection(SolutionConfigurationPlatforms) = preSolution
		Debug|Any CPU = Debug|Any CPU
		Release|Any CPU = Release|Any CPU
	EndGlobalSection
	GlobalSection(ProjectConfigurationPlatforms) = postSolution
		{170F4BC3-4C76-4F70-9FCF-D47EED37FDD7}.Debug|Any CPU.ActiveCfg = Debug|Any CPU
		{170F4BC3-4C76-4F70-9FCF-D47EED37FDD7}.Debug|Any CPU.Build.0 = Debug|Any CPU
		{170F4BC3-4C76-4F70-9FCF-D47EED37FDD7}.Release|Any CPU.ActiveCfg = Release|Any CPU
		{170F4BC3-4C76-4F70-9FCF-D47EED37FDD7}.Release|Any CPU.Build.0 = Release|Any CPU
		{FB5C0DF4-8AC1-4348-A762-ED63A34DC026}.Debug|Any CPU.ActiveCfg = Debug|Any CPU
		{FB5C0DF4-8AC1-4348-A762-ED63A34DC026}.Debug|Any CPU.Build.0 = Debug|Any CPU
		{FB5C0DF4-8AC1-4348-A762-ED63A34DC026}.Release|Any CPU.ActiveCfg = Release|Any CPU
		{FB5C0DF4-8AC1-4348-A762-ED63A34DC026}.Release|Any CPU.Build.0 = Release|Any CPU
		{359A4E52-9543-4D95-85DA-BC55A366C155}.Debug|Any CPU.ActiveCfg = Debug|Any CPU
		{359A4E52-9543-4D95-85DA-BC55A366C155}.Debug|Any CPU.Build.0 = Debug|Any CPU
		{359A4E52-9543-4D95-85DA-BC55A366C155}.Release|Any CPU.ActiveCfg = Release|Any CPU
		{359A4E52-9543-4D95-85DA-BC55A366C155}.Release|Any CPU.Build.0 = Release|Any CPU
		{7A922D6C-D3C7-4381-9AD8-0E1EBD223E37}.Debug|Any CPU.ActiveCfg = Debug|Any CPU
		{7A922D6C-D3C7-4381-9AD8-0E1EBD223E37}.Debug|Any CPU.Build.0 = Debug|Any CPU
		{7A922D6C-D3C7-4381-9AD8-0E1EBD223E37}.Release|Any CPU.ActiveCfg = Release|Any CPU
		{7A922D6C-D3C7-4381-9AD8-0E1EBD223E37}.Release|Any CPU.Build.0 = Release|Any CPU
	EndGlobalSection
	GlobalSection(SolutionProperties) = preSolution
		HideSolutionNode = FALSE
	EndGlobalSection
EndGlobal
